
Microsoft Visual Studio Solution File, Format Version 12.00
# Visual Studio Version 16
VisualStudioVersion = 16.0.29920.165
MinimumVisualStudioVersion = 10.0.40219.1
Project("{9A19103F-16F7-4668-BE54-9A1E7A4F7556}") = "Biblioteca", "Biblioteca.csproj", "{47626A1F-A275-4300-8285-64003468431F}"
EndProject
Project("{FAE04EC0-301F-11D3-BF4B-00C04F79EFBC}") = "BibliotecaTest", "..\BibliotecaTest\BibliotecaTest.csproj", "{D4BFF173-C07B-4206-AB4B-2CD027646AE8}"
EndProject
Project("{9A19103F-16F7-4668-BE54-9A1E7A4F7556}") = "Biblioteca-LogicTest", "..\Biblioteca-LogicTest\Biblioteca-LogicTest.csproj", "{CCDB5F1D-29C6-4892-99EE-109FCEE97127}"
EndProject
Global
	GlobalSection(SolutionConfigurationPlatforms) = preSolution
		Debug|Any CPU = Debug|Any CPU
		Release|Any CPU = Release|Any CPU
	EndGlobalSection
	GlobalSection(ProjectConfigurationPlatforms) = postSolution
		{47626A1F-A275-4300-8285-64003468431F}.Debug|Any CPU.ActiveCfg = Debug|Any CPU
		{47626A1F-A275-4300-8285-64003468431F}.Debug|Any CPU.Build.0 = Debug|Any CPU
		{47626A1F-A275-4300-8285-64003468431F}.Release|Any CPU.ActiveCfg = Release|Any CPU
		{47626A1F-A275-4300-8285-64003468431F}.Release|Any CPU.Build.0 = Release|Any CPU
		{D4BFF173-C07B-4206-AB4B-2CD027646AE8}.Debug|Any CPU.ActiveCfg = Debug|Any CPU
		{D4BFF173-C07B-4206-AB4B-2CD027646AE8}.Debug|Any CPU.Build.0 = Debug|Any CPU
		{D4BFF173-C07B-4206-AB4B-2CD027646AE8}.Release|Any CPU.ActiveCfg = Release|Any CPU
		{D4BFF173-C07B-4206-AB4B-2CD027646AE8}.Release|Any CPU.Build.0 = Release|Any CPU
		{CCDB5F1D-29C6-4892-99EE-109FCEE97127}.Debug|Any CPU.ActiveCfg = Debug|Any CPU
		{CCDB5F1D-29C6-4892-99EE-109FCEE97127}.Debug|Any CPU.Build.0 = Debug|Any CPU
		{CCDB5F1D-29C6-4892-99EE-109FCEE97127}.Release|Any CPU.ActiveCfg = Release|Any CPU
		{CCDB5F1D-29C6-4892-99EE-109FCEE97127}.Release|Any CPU.Build.0 = Release|Any CPU
	EndGlobalSection
	GlobalSection(SolutionProperties) = preSolution
		HideSolutionNode = FALSE
	EndGlobalSection
	GlobalSection(ExtensibilityGlobals) = postSolution
		SolutionGuid = {EF811C65-5B95-4FF8-83AE-484AF4345407}
	EndGlobalSection
EndGlobal
